
Microsoft Visual Studio Solution File, Format Version 12.00
# Visual Studio 15
VisualStudioVersion = 15.0.28307.271
MinimumVisualStudioVersion = 10.0.40219.1
Project("{9A19103F-16F7-4668-BE54-9A1E7A4F7556}") = "DemoApp.Web", "DemoApp.Web\DemoApp.Web.csproj", "{BE6C3AA4-B44D-4E89-BF6E-7A667FCE9F51}"
EndProject
Project("{9A19103F-16F7-4668-BE54-9A1E7A4F7556}") = "DemoApp.Data", "DemoApp.Data\DemoApp.Data.csproj", "{831ECD1E-7629-421D-AD43-49681AD14010}"
EndProject
Project("{9A19103F-16F7-4668-BE54-9A1E7A4F7556}") = "DemoApp.Domain", "DemoApp.Domain\DemoApp.Domain.csproj", "{0983985E-50B5-443F-87E5-848483368674}"
EndProject
Project("{9A19103F-16F7-4668-BE54-9A1E7A4F7556}") = "DemoApp.Model", "DemoApp.Model\DemoApp.Model.csproj", "{A50F2820-4CB3-4D10-8641-006C08BFE098}"
EndProject
Global
	GlobalSection(SolutionConfigurationPlatforms) = preSolution
		Debug|Any CPU = Debug|Any CPU
		Release|Any CPU = Release|Any CPU
	EndGlobalSection
	GlobalSection(ProjectConfigurationPlatforms) = postSolution
		{BE6C3AA4-B44D-4E89-BF6E-7A667FCE9F51}.Debug|Any CPU.ActiveCfg = Debug|Any CPU
		{BE6C3AA4-B44D-4E89-BF6E-7A667FCE9F51}.Debug|Any CPU.Build.0 = Debug|Any CPU
		{BE6C3AA4-B44D-4E89-BF6E-7A667FCE9F51}.Release|Any CPU.ActiveCfg = Release|Any CPU
		{BE6C3AA4-B44D-4E89-BF6E-7A667FCE9F51}.Release|Any CPU.Build.0 = Release|Any CPU
		{831ECD1E-7629-421D-AD43-49681AD14010}.Debug|Any CPU.ActiveCfg = Debug|Any CPU
		{831ECD1E-7629-421D-AD43-49681AD14010}.Debug|Any CPU.Build.0 = Debug|Any CPU
		{831ECD1E-7629-421D-AD43-49681AD14010}.Release|Any CPU.ActiveCfg = Release|Any CPU
		{831ECD1E-7629-421D-AD43-49681AD14010}.Release|Any CPU.Build.0 = Release|Any CPU
		{0983985E-50B5-443F-87E5-848483368674}.Debug|Any CPU.ActiveCfg = Debug|Any CPU
		{0983985E-50B5-443F-87E5-848483368674}.Debug|Any CPU.Build.0 = Debug|Any CPU
		{0983985E-50B5-443F-87E5-848483368674}.Release|Any CPU.ActiveCfg = Release|Any CPU
		{0983985E-50B5-443F-87E5-848483368674}.Release|Any CPU.Build.0 = Release|Any CPU
		{A50F2820-4CB3-4D10-8641-006C08BFE098}.Debug|Any CPU.ActiveCfg = Debug|Any CPU
		{A50F2820-4CB3-4D10-8641-006C08BFE098}.Debug|Any CPU.Build.0 = Debug|Any CPU
		{A50F2820-4CB3-4D10-8641-006C08BFE098}.Release|Any CPU.ActiveCfg = Release|Any CPU
		{A50F2820-4CB3-4D10-8641-006C08BFE098}.Release|Any CPU.Build.0 = Release|Any CPU
	EndGlobalSection
	GlobalSection(SolutionProperties) = preSolution
		HideSolutionNode = FALSE
	EndGlobalSection
	GlobalSection(ExtensibilityGlobals) = postSolution
		SolutionGuid = {2C99B8C2-EA53-45FD-9630-BCEF67F99097}
	EndGlobalSection
EndGlobal
